<Solution>
  <Configurations>
    <Platform Name="x64" />
    <Platform Name="x86" />
  </Configurations>
  <Project Path="Cours01_Introduction/Cours01_Introduction.vcxproj" Id="38b9b7d6-4001-4987-a2ed-6f76eda823d2" />
  <Project Path="Cours02_git/Cours02_git.vcxproj" Id="16c90d18-95de-4581-9fb5-5eec870000d1" />
  <Project Path="cours03/cours03.vcxproj" Id="59e5710a-ea01-454c-acba-684d9e9e2d45" />
  <Project Path="Cours04_Devoir/Cours04_Devoir.vcxproj" Id="1d61eaf4-1daa-4204-af11-c370973b4020" />
  <Project Path="cours04_enterSorties/cours04_enterSorties.vcxproj" Id="5aaf8c73-47a8-4242-89c0-8abaa777fc6b" />
  <Project Path="cours05/cours05.vcxproj" Id="af794564-7a49-4885-b6b9-4cba8a7e0c18" />
  <Project Path="Cours06_conditions/Cours06_conditions.vcxproj" Id="95b36950-6157-43b4-95f3-aa4fe6fcd299" />
  <Project Path="devoir05/devoir05.vcxproj" Id="b6610d1c-c2b6-465b-b577-dd1756610843" />
  <Project Path="test/test.vcxproj" Id="582865d1-528d-4069-8616-d22ce508ea90" />
</Solution>
